
Microsoft Visual Studio Solution File, Format Version 12.00
# Visual Studio 15
VisualStudioVersion = 15.0.26430.16
MinimumVisualStudioVersion = 10.0.40219.1
Project("{9A19103F-16F7-4668-BE54-9A1E7A4F7556}") = "osu.GameBoy", "osu.GameBoy\osu.GameBoy.csproj", "{B542A98E-DBA2-497D-A994-F23FD444AE59}"
EndProject
Project("{9A19103F-16F7-4668-BE54-9A1E7A4F7556}") = "osu.GameBoy.Tests", "osu.GameBoy.Tests\osu.GameBoy.Tests.csproj", "{D1A1F543-09A2-4661-9330-C900AC143486}"
EndProject
Project("{2150E333-8FDC-42A3-9474-1A3956D46DE8}") = "Library", "Library", "{F82A9787-4872-4583-BBBE-C4D139A10DD5}"
EndProject
Project("{9A19103F-16F7-4668-BE54-9A1E7A4F7556}") = "Emux.GameBoy", "Emux\Emux.GameBoy\Emux.GameBoy.csproj", "{0ADDD31B-9EDE-4931-B11A-3783A984664F}"
EndProject
Project("{9A19103F-16F7-4668-BE54-9A1E7A4F7556}") = "osu.GameBoy.Tests.Nuget", "osu.GameBoy.Tests.Nuget\osu.GameBoy.Tests.Nuget.csproj", "{11EF3FD3-C044-40CB-837C-4C0767DE1B41}"
EndProject
Global
	GlobalSection(SolutionConfigurationPlatforms) = preSolution
		Debug|Any CPU = Debug|Any CPU
		Release|Any CPU = Release|Any CPU
	EndGlobalSection
	GlobalSection(ProjectConfigurationPlatforms) = postSolution
		{B542A98E-DBA2-497D-A994-F23FD444AE59}.Debug|Any CPU.ActiveCfg = Debug|Any CPU
		{B542A98E-DBA2-497D-A994-F23FD444AE59}.Debug|Any CPU.Build.0 = Debug|Any CPU
		{B542A98E-DBA2-497D-A994-F23FD444AE59}.Release|Any CPU.ActiveCfg = Release|Any CPU
		{B542A98E-DBA2-497D-A994-F23FD444AE59}.Release|Any CPU.Build.0 = Release|Any CPU
		{D1A1F543-09A2-4661-9330-C900AC143486}.Debug|Any CPU.ActiveCfg = Debug|Any CPU
		{D1A1F543-09A2-4661-9330-C900AC143486}.Debug|Any CPU.Build.0 = Debug|Any CPU
		{D1A1F543-09A2-4661-9330-C900AC143486}.Release|Any CPU.ActiveCfg = Release|Any CPU
		{D1A1F543-09A2-4661-9330-C900AC143486}.Release|Any CPU.Build.0 = Release|Any CPU
		{0ADDD31B-9EDE-4931-B11A-3783A984664F}.Debug|Any CPU.ActiveCfg = Debug|Any CPU
		{0ADDD31B-9EDE-4931-B11A-3783A984664F}.Debug|Any CPU.Build.0 = Debug|Any CPU
		{0ADDD31B-9EDE-4931-B11A-3783A984664F}.Release|Any CPU.ActiveCfg = Release|Any CPU
		{0ADDD31B-9EDE-4931-B11A-3783A984664F}.Release|Any CPU.Build.0 = Release|Any CPU
		{11EF3FD3-C044-40CB-837C-4C0767DE1B41}.Debug|Any CPU.ActiveCfg = Debug|Any CPU
		{11EF3FD3-C044-40CB-837C-4C0767DE1B41}.Debug|Any CPU.Build.0 = Debug|Any CPU
		{11EF3FD3-C044-40CB-837C-4C0767DE1B41}.Release|Any CPU.ActiveCfg = Release|Any CPU
		{11EF3FD3-C044-40CB-837C-4C0767DE1B41}.Release|Any CPU.Build.0 = Release|Any CPU
	EndGlobalSection
	GlobalSection(SolutionProperties) = preSolution
		HideSolutionNode = FALSE
	EndGlobalSection
	GlobalSection(NestedProjects) = preSolution
		{0ADDD31B-9EDE-4931-B11A-3783A984664F} = {F82A9787-4872-4583-BBBE-C4D139A10DD5}
	EndGlobalSection
	GlobalSection(ExtensibilityGlobals) = postSolution
		SolutionGuid = {C4DBD900-B7D7-41E4-B66E-107BA7A80FE0}
	EndGlobalSection
	GlobalSection(Performance) = preSolution
		HasPerformanceSessions = true
	EndGlobalSection
EndGlobal
